
Microsoft Visual Studio Solution File, Format Version 12.00
Project("{FAE04EC0-301F-11D3-BF4B-00C04F79EFBC}") = "Calculator", "Calculator\Calculator.csproj", "{5AD6924B-C24A-459A-BBB4-BBE0E8991AE1}"
EndProject
Project("{FAE04EC0-301F-11D3-BF4B-00C04F79EFBC}") = "TestSimpleCalculator", "TestSimpleCalculator\TestSimpleCalculator.csproj", "{2906B030-4E0E-4787-8963-F4576F952693}"
EndProject
Project("{FAE04EC0-301F-11D3-BF4B-00C04F79EFBC}") = "CalculatorConsole", "CalculatorConsole\CalculatorConsole.csproj", "{CA5B22CB-1E28-4C92-90D9-420179192B43}"
EndProject
Project("{FAE04EC0-301F-11D3-BF4B-00C04F79EFBC}") = "CalculatorWebAPI", "CalculatorWebAPI\CalculatorWebAPI.csproj", "{A0FAD385-7AA2-4914-97A2-9081C4828D83}"
EndProject
Project("{FAE04EC0-301F-11D3-BF4B-00C04F79EFBC}") = "CalculatorIntegrationTests", "CalculatorIntegrationTests\CalculatorIntegrationTests.csproj", "{51ECBDC3-FA22-4E95-B81C-A45DFBD5652C}"
EndProject
Global
	GlobalSection(SolutionConfigurationPlatforms) = preSolution
		Debug|Any CPU = Debug|Any CPU
		Release|Any CPU = Release|Any CPU
	EndGlobalSection
	GlobalSection(ProjectConfigurationPlatforms) = postSolution
		{5AD6924B-C24A-459A-BBB4-BBE0E8991AE1}.Debug|Any CPU.ActiveCfg = Debug|Any CPU
		{5AD6924B-C24A-459A-BBB4-BBE0E8991AE1}.Debug|Any CPU.Build.0 = Debug|Any CPU
		{5AD6924B-C24A-459A-BBB4-BBE0E8991AE1}.Release|Any CPU.ActiveCfg = Release|Any CPU
		{5AD6924B-C24A-459A-BBB4-BBE0E8991AE1}.Release|Any CPU.Build.0 = Release|Any CPU
		{2906B030-4E0E-4787-8963-F4576F952693}.Debug|Any CPU.ActiveCfg = Debug|Any CPU
		{2906B030-4E0E-4787-8963-F4576F952693}.Debug|Any CPU.Build.0 = Debug|Any CPU
		{2906B030-4E0E-4787-8963-F4576F952693}.Release|Any CPU.ActiveCfg = Release|Any CPU
		{2906B030-4E0E-4787-8963-F4576F952693}.Release|Any CPU.Build.0 = Release|Any CPU
		{CA5B22CB-1E28-4C92-90D9-420179192B43}.Debug|Any CPU.ActiveCfg = Debug|Any CPU
		{CA5B22CB-1E28-4C92-90D9-420179192B43}.Debug|Any CPU.Build.0 = Debug|Any CPU
		{CA5B22CB-1E28-4C92-90D9-420179192B43}.Release|Any CPU.ActiveCfg = Release|Any CPU
		{CA5B22CB-1E28-4C92-90D9-420179192B43}.Release|Any CPU.Build.0 = Release|Any CPU
		{A0FAD385-7AA2-4914-97A2-9081C4828D83}.Debug|Any CPU.ActiveCfg = Debug|Any CPU
		{A0FAD385-7AA2-4914-97A2-9081C4828D83}.Debug|Any CPU.Build.0 = Debug|Any CPU
		{A0FAD385-7AA2-4914-97A2-9081C4828D83}.Release|Any CPU.ActiveCfg = Release|Any CPU
		{A0FAD385-7AA2-4914-97A2-9081C4828D83}.Release|Any CPU.Build.0 = Release|Any CPU
		{51ECBDC3-FA22-4E95-B81C-A45DFBD5652C}.Debug|Any CPU.ActiveCfg = Debug|Any CPU
		{51ECBDC3-FA22-4E95-B81C-A45DFBD5652C}.Debug|Any CPU.Build.0 = Debug|Any CPU
		{51ECBDC3-FA22-4E95-B81C-A45DFBD5652C}.Release|Any CPU.ActiveCfg = Release|Any CPU
		{51ECBDC3-FA22-4E95-B81C-A45DFBD5652C}.Release|Any CPU.Build.0 = Release|Any CPU
	EndGlobalSection
EndGlobal
